{
  "name": "mdq-spec",
  "lockfileVersion": 3,
  "requires": true,
  "packages": {
    "": {
      "dependencies": {
        "@sourcemeta/jsonschema": "^9.1.1",
        "expand-json-schema": "^1.0.1",
        "js-yaml": "^4.1.0"
      }
    },
    "node_modules/@sourcemeta/jsonschema": {
      "version": "9.1.1",
      "resolved": "https://registry.npmjs.org/@sourcemeta/jsonschema/-/jsonschema-9.1.1.tgz",
      "integrity": "sha512-O9LUc51px1njwueHbBNlfcQ3DDXvvIZoTwj+uVqdZ+t5iGs4HVkE19NZmflyZb3HyP+XWNlMXpMk7g7A1/I2HQ==",
      "cpu": [
        "x64",
        "arm64"
      ],
      "license": "AGPL-3.0",
      "os": [
        "darwin",
        "linux",
        "win32"
      ],
      "bin": {
        "jsonschema": "cli.js"
      },
      "engines": {
        "node": ">=16"
      },
      "funding": {
        "url": "https://github.com/sponsors/sourcemeta"
      }
    },
    "node_modules/argparse": {
      "version": "2.0.1",
      "resolved": "https://registry.npmjs.org/argparse/-/argparse-2.0.1.tgz",
      "integrity": "sha512-8+9WqebbFzpX9OR+Wa6O29asIogeRMzcGtAINdpMHHyAg10f05aSFVBbcEqGf/PXw1EjAZ+q2/bEBg3DvurK3Q==",
      "license": "Python-2.0"
    },
    "node_modules/expand-json-schema": {
      "version": "1.0.1",
      "resolved": "https://registry.npmjs.org/expand-json-schema/-/expand-json-schema-1.0.1.tgz",
      "integrity": "sha512-mbLpZ4WQcuNuw1xv1VfdHRSnL6rjlacmGy6MSoeBFUYmueI+9NrJumUHPMyHeKlBkJqgolbwI1v1eHok1XVinw=="
    },
    "node_modules/js-yaml": {
      "version": "4.1.0",
      "resolved": "https://registry.npmjs.org/js-yaml/-/js-yaml-4.1.0.tgz",
      "integrity": "sha512-wpxZs9NoxZaJESJGIZTyDEaYpl0FKSA+FB9aJiyemKhMwkxQg63h4T1KJgUGHpTqPDNRcmmYLugrRjJlBtWvRA==",
      "license": "MIT",
      "dependencies": {
        "argparse": "^2.0.1"
      },
      "bin": {
        "js-yaml": "bin/js-yaml.js"
      }
    }
  }
}
